// !$*UTF8*$!
{
	archiveVersion = 1;
	classes = {
	};
	objectVersion = 50;
	objects = {

/* Begin PBXBuildFile section */
		041A71ED228880C5000A975E /* Card.swift in Sources */ = {isa = PBXBuildFile; fileRef = 041A71EC228880C5000A975E /* Card.swift */; };
		041A71EF228880F2000A975E /* Poker.swift in Sources */ = {isa = PBXBuildFile; fileRef = 041A71EE228880F2000A975E /* Poker.swift */; };
		041A71F122888116000A975E /* Game.swift in Sources */ = {isa = PBXBuildFile; fileRef = 041A71F022888116000A975E /* Game.swift */; };
		041A71F32289B125000A975E /* endgameViewController.swift in Sources */ = {isa = PBXBuildFile; fileRef = 041A71F22289B125000A975E /* endgameViewController.swift */; };
		041A71FE2289C081000A975E /* casinogod.mp3 in Resources */ = {isa = PBXBuildFile; fileRef = 041A71FD2289C081000A975E /* casinogod.mp3 */; };
		04C05BE52283356300FC3130 /* AppDelegate.swift in Sources */ = {isa = PBXBuildFile; fileRef = 04C05BE42283356300FC3130 /* AppDelegate.swift */; };
		04C05BE72283356300FC3130 /* ViewController.swift in Sources */ = {isa = PBXBuildFile; fileRef = 04C05BE62283356300FC3130 /* ViewController.swift */; };
		04C05BEA2283356300FC3130 /* Main.storyboard in Resources */ = {isa = PBXBuildFile; fileRef = 04C05BE82283356300FC3130 /* Main.storyboard */; };
		04C05BEC2283356400FC3130 /* Assets.xcassets in Resources */ = {isa = PBXBuildFile; fileRef = 04C05BEB2283356400FC3130 /* Assets.xcassets */; };
		04C05BEF2283356400FC3130 /* LaunchScreen.storyboard in Resources */ = {isa = PBXBuildFile; fileRef = 04C05BED2283356400FC3130 /* LaunchScreen.storyboard */; };
		04C05BFA2283356400FC3130 /* gameTests.swift in Sources */ = {isa = PBXBuildFile; fileRef = 04C05BF92283356400FC3130 /* gameTests.swift */; };
		04C05C052283356400FC3130 /* gameUITests.swift in Sources */ = {isa = PBXBuildFile; fileRef = 04C05C042283356400FC3130 /* gameUITests.swift */; };
		04C05C1B2284795300FC3130 /* playcontrollerview.swift in Sources */ = {isa = PBXBuildFile; fileRef = 04C05C1A2284795300FC3130 /* playcontrollerview.swift */; };
/* End PBXBuildFile section */

/* Begin PBXContainerItemProxy section */
		04C05BF62283356400FC3130 /* PBXContainerItemProxy */ = {
			isa = PBXContainerItemProxy;
			containerPortal = 04C05BD92283356300FC3130 /* Project object */;
			proxyType = 1;
			remoteGlobalIDString = 04C05BE02283356300FC3130;
			remoteInfo = game;
		};
		04C05C012283356400FC3130 /* PBXContainerItemProxy */ = {
			isa = PBXContainerItemProxy;
			containerPortal = 04C05BD92283356300FC3130 /* Project object */;
			proxyType = 1;
			remoteGlobalIDString = 04C05BE02283356300FC3130;
			remoteInfo = game;
		};
/* End PBXContainerItemProxy section */

/* Begin PBXFileReference section */
		041A71EC228880C5000A975E /* Card.swift */ = {isa = PBXFileReference; fileEncoding = 4; lastKnownFileType = sourcecode.swift; name = Card.swift; path = "../../../Downloads/PokerGame-master/PokerGame/Card.swift"; sourceTree = "<group>"; };
		041A71EE228880F2000A975E /* Poker.swift */ = {isa = PBXFileReference; fileEncoding = 4; lastKnownFileType = sourcecode.swift; name = Poker.swift; path = "../../../Downloads/PokerGame-master/PokerGame/Poker.swift"; sourceTree = "<group>"; };
		041A71F022888116000A975E /* Game.swift */ = {isa = PBXFileReference; fileEncoding = 4; lastKnownFileType = sourcecode.swift; name = Game.swift; path = "../../../Downloads/PokerGame-master/PokerGame/Game.swift"; sourceTree = "<group>"; };
		041A71F22289B125000A975E /* endgameViewController.swift */ = {isa = PBXFileReference; lastKnownFileType = sourcecode.swift; path = endgameViewController.swift; sourceTree = "<group>"; };
		041A71FA2289C000000A975E /* thug.mp3 */ = {isa = PBXFileReference; lastKnownFileType = audio.mp3; path = thug.mp3; sourceTree = "<group>"; };
		041A71FD2289C081000A975E /* casinogod.mp3 */ = {isa = PBXFileReference; lastKnownFileType = audio.mp3; path = casinogod.mp3; sourceTree = "<group>"; };
		04C05BE12283356300FC3130 /* game.app */ = {isa = PBXFileReference; explicitFileType = wrapper.application; includeInIndex = 0; path = game.app; sourceTree = BUILT_PRODUCTS_DIR; };
		04C05BE42283356300FC3130 /* AppDelegate.swift */ = {isa = PBXFileReference; lastKnownFileType = sourcecode.swift; path = AppDelegate.swift; sourceTree = "<group>"; };
		04C05BE62283356300FC3130 /* ViewController.swift */ = {isa = PBXFileReference; lastKnownFileType = sourcecode.swift; path = ViewController.swift; sourceTree = "<group>"; };
		04C05BE92283356300FC3130 /* Base */ = {isa = PBXFileReference; lastKnownFileType = file.storyboard; name = Base; path = Base.lproj/Main.storyboard; sourceTree = "<group>"; };
		04C05BEB2283356400FC3130 /* Assets.xcassets */ = {isa = PBXFileReference; lastKnownFileType = folder.assetcatalog; path = Assets.xcassets; sourceTree = "<group>"; };
		04C05BEE2283356400FC3130 /* Base */ = {isa = PBXFileReference; lastKnownFileType = file.storyboard; name = Base; path = Base.lproj/LaunchScreen.storyboard; sourceTree = "<group>"; };
		04C05BF02283356400FC3130 /* Info.plist */ = {isa = PBXFileReference; lastKnownFileType = text.plist.xml; path = Info.plist; sourceTree = "<group>"; };
		04C05BF52283356400FC3130 /* gameTests.xctest */ = {isa = PBXFileReference; explicitFileType = wrapper.cfbundle; includeInIndex = 0; path = gameTests.xctest; sourceTree = BUILT_PRODUCTS_DIR; };
		04C05BF92283356400FC3130 /* gameTests.swift */ = {isa = PBXFileReference; lastKnownFileType = sourcecode.swift; path = gameTests.swift; sourceTree = "<group>"; };
		04C05BFB2283356400FC3130 /* Info.plist */ = {isa = PBXFileReference; lastKnownFileType = text.plist.xml; path = Info.plist; sourceTree = "<group>"; };
		04C05C002283356400FC3130 /* gameUITests.xctest */ = {isa = PBXFileReference; explicitFileType = wrapper.cfbundle; includeInIndex = 0; path = gameUITests.xctest; sourceTree = BUILT_PRODUCTS_DIR; };
		04C05C042283356400FC3130 /* gameUITests.swift */ = {isa = PBXFileReference; lastKnownFileType = sourcecode.swift; path = gameUITests.swift; sourceTree = "<group>"; };
		04C05C062283356400FC3130 /* Info.plist */ = {isa = PBXFileReference; lastKnownFileType = text.plist.xml; path = Info.plist; sourceTree = "<group>"; };
		04C05C1A2284795300FC3130 /* playcontrollerview.swift */ = {isa = PBXFileReference; lastKnownFileType = sourcecode.swift; path = playcontrollerview.swift; sourceTree = "<group>"; };
/* End PBXFileReference section */

/* Begin PBXFrameworksBuildPhase section */
		04C05BDE2283356300FC3130 /* Frameworks */ = {
			isa = PBXFrameworksBuildPhase;
			buildActionMask = 2147483647;
			files = (
			);
			runOnlyForDeploymentPostprocessing = 0;
		};
		04C05BF22283356400FC3130 /* Frameworks */ = {
			isa = PBXFrameworksBuildPhase;
			buildActionMask = 2147483647;
			files = (
			);
			runOnlyForDeploymentPostprocessing = 0;
		};
		04C05BFD2283356400FC3130 /* Frameworks */ = {
			isa = PBXFrameworksBuildPhase;
			buildActionMask = 2147483647;
			files = (
			);
			runOnlyForDeploymentPostprocessing = 0;
		};
/* End PBXFrameworksBuildPhase section */

/* Begin PBXGroup section */
		04C05BD82283356300FC3130 = {
			isa = PBXGroup;
			children = (
				04C05BE32283356300FC3130 /* game */,
				04C05BF82283356400FC3130 /* gameTests */,
				04C05C032283356400FC3130 /* gameUITests */,
				04C05BE22283356300FC3130 /* Products */,
			);
			sourceTree = "<group>";
		};
		04C05BE22283356300FC3130 /* Products */ = {
			isa = PBXGroup;
			children = (
				04C05BE12283356300FC3130 /* game.app */,
				04C05BF52283356400FC3130 /* gameTests.xctest */,
				04C05C002283356400FC3130 /* gameUITests.xctest */,
			);
			name = Products;
			sourceTree = "<group>";
		};
		04C05BE32283356300FC3130 /* game */ = {
			isa = PBXGroup;
			children = (
				04C05BE42283356300FC3130 /* AppDelegate.swift */,
				04C05BE62283356300FC3130 /* ViewController.swift */,
				04C05BE82283356300FC3130 /* Main.storyboard */,
				041A71F22289B125000A975E /* endgameViewController.swift */,
				041A71EC228880C5000A975E /* Card.swift */,
				041A71EE228880F2000A975E /* Poker.swift */,
				041A71F022888116000A975E /* Game.swift */,
				04C05C1A2284795300FC3130 /* playcontrollerview.swift */,
				04C05BEB2283356400FC3130 /* Assets.xcassets */,
				04C05BED2283356400FC3130 /* LaunchScreen.storyboard */,
				04C05BF02283356400FC3130 /* Info.plist */,
				041A71FD2289C081000A975E /* casinogod.mp3 */,
				041A71FA2289C000000A975E /* thug.mp3 */,
			);
			path = game;
			sourceTree = "<group>";
		};
		04C05BF82283356400FC3130 /* gameTests */ = {
			isa = PBXGroup;
			children = (
				04C05BF92283356400FC3130 /* gameTests.swift */,
				04C05BFB2283356400FC3130 /* Info.plist */,
			);
			path = gameTests;
			sourceTree = "<group>";
		};
		04C05C032283356400FC3130 /* gameUITests */ = {
			isa = PBXGroup;
			children = (
				04C05C042283356400FC3130 /* gameUITests.swift */,
				04C05C062283356400FC3130 /* Info.plist */,
			);
			path = gameUITests;
			sourceTree = "<group>";
		};
/* End PBXGroup section */

/* Begin PBXNativeTarget section */
		04C05BE02283356300FC3130 /* game */ = {
			isa = PBXNativeTarget;
			buildConfigurationList = 04C05C092283356400FC3130 /* Build configuration list for PBXNativeTarget "game" */;
			buildPhases = (
				04C05BDD2283356300FC3130 /* Sources */,
				04C05BDE2283356300FC3130 /* Frameworks */,
				04C05BDF2283356300FC3130 /* Resources */,
			);
			buildRules = (
			);
			dependencies = (
			);
			name = game;
			productName = game;
			productReference = 04C05BE12283356300FC3130 /* game.app */;
			productType = "com.apple.product-type.application";
		};
		04C05BF42283356400FC3130 /* gameTests */ = {
			isa = PBXNativeTarget;
			buildConfigurationList = 04C05C0C2283356400FC3130 /* Build configuration list for PBXNativeTarget "gameTests" */;
			buildPhases = (
				04C05BF12283356400FC3130 /* Sources */,
				04C05BF22283356400FC3130 /* Frameworks */,
				04C05BF32283356400FC3130 /* Resources */,
			);
			buildRules = (
			);
			dependencies = (
				04C05BF72283356400FC3130 /* PBXTargetDependency */,
			);
			name = gameTests;
			productName = gameTests;
			productReference = 04C05BF52283356400FC3130 /* gameTests.xctest */;
			productType = "com.apple.product-type.bundle.unit-test";
		};
		04C05BFF2283356400FC3130 /* gameUITests */ = {
			isa = PBXNativeTarget;
			buildConfigurationList = 04C05C0F2283356400FC3130 /* Build configuration list for PBXNativeTarget "gameUITests" */;
			buildPhases = (
				04C05BFC2283356400FC3130 /* Sources */,
				04C05BFD2283356400FC3130 /* Frameworks */,
				04C05BFE2283356400FC3130 /* Resources */,
			);
			buildRules = (
			);
			dependencies = (
				04C05C022283356400FC3130 /* PBXTargetDependency */,
			);
			name = gameUITests;
			productName = gameUITests;
			productReference = 04C05C002283356400FC3130 /* gameUITests.xctest */;
			productType = "com.apple.product-type.bundle.ui-testing";
		};
/* End PBXNativeTarget section */

/* Begin PBXProject section */
		04C05BD92283356300FC3130 /* Project object */ = {
			isa = PBXProject;
			attributes = {
				LastSwiftUpdateCheck = 1020;
				LastUpgradeCheck = 1020;
				ORGANIZATIONNAME = EA;
				TargetAttributes = {
					04C05BE02283356300FC3130 = {
						CreatedOnToolsVersion = 10.2;
					};
					04C05BF42283356400FC3130 = {
						CreatedOnToolsVersion = 10.2;
						TestTargetID = 04C05BE02283356300FC3130;
					};
					04C05BFF2283356400FC3130 = {
						CreatedOnToolsVersion = 10.2;
						TestTargetID = 04C05BE02283356300FC3130;
					};
				};
			};
			buildConfigurationList = 04C05BDC2283356300FC3130 /* Build configuration list for PBXProject "game" */;
			compatibilityVersion = "Xcode 9.3";
			developmentRegion = en;
			hasScannedForEncodings = 0;
			knownRegions = (
				en,
				Base,
			);
			mainGroup = 04C05BD82283356300FC3130;
			productRefGroup = 04C05BE22283356300FC3130 /* Products */;
			projectDirPath = "";
			projectRoot = "";
			targets = (
				04C05BE02283356300FC3130 /* game */,
				04C05BF42283356400FC3130 /* gameTests */,
				04C05BFF2283356400FC3130 /* gameUITests */,
			);
		};
/* End PBXProject section */

/* Begin PBXResourcesBuildPhase section */
		04C05BDF2283356300FC3130 /* Resources */ = {
			isa = PBXResourcesBuildPhase;
			buildActionMask = 2147483647;
			files = (
				04C05BEF2283356400FC3130 /* LaunchScreen.storyboard in Resources */,
				04C05BEC2283356400FC3130 /* Assets.xcassets in Resources */,
				041A71FE2289C081000A975E /* casinogod.mp3 in Resources */,
				04C05BEA2283356300FC3130 /* Main.storyboard in Resources */,
			);
			runOnlyForDeploymentPostprocessing = 0;
		};
		04C05BF32283356400FC3130 /* Resources */ = {
			isa = PBXResourcesBuildPhase;
			buildActionMask = 2147483647;
			files = (
			);
			runOnlyForDeploymentPostprocessing = 0;
		};
		04C05BFE2283356400FC3130 /* Resources */ = {
			isa = PBXResourcesBuildPhase;
			buildActionMask = 2147483647;
			files = (
			);
			runOnlyForDeploymentPostprocessing = 0;
		};
/* End PBXResourcesBuildPhase section */

/* Begin PBXSourcesBuildPhase section */
		04C05BDD2283356300FC3130 /* Sources */ = {
			isa = PBXSourcesBuildPhase;
			buildActionMask = 2147483647;
			files = (
				041A71EF228880F2000A975E /* Poker.swift in Sources */,
				041A71F122888116000A975E /* Game.swift in Sources */,
				04C05BE72283356300FC3130 /* ViewController.swift in Sources */,
				041A71F32289B125000A975E /* endgameViewController.swift in Sources */,
				04C05BE52283356300FC3130 /* AppDelegate.swift in Sources */,
				04C05C1B2284795300FC3130 /* playcontrollerview.swift in Sources */,
				041A71ED228880C5000A975E /* Card.swift in Sources */,
			);
			runOnlyForDeploymentPostprocessing = 0;
		};
		04C05BF12283356400FC3130 /* Sources */ = {
			isa = PBXSourcesBuildPhase;
			buildActionMask = 2147483647;
			files = (
				04C05BFA2283356400FC3130 /* gameTests.swift in Sources */,
			);
			runOnlyForDeploymentPostprocessing = 0;
		};
		04C05BFC2283356400FC3130 /* Sources */ = {
			isa = PBXSourcesBuildPhase;
			buildActionMask = 2147483647;
			files = (
				04C05C052283356400FC3130 /* gameUITests.swift in Sources */,
			);
			runOnlyForDeploymentPostprocessing = 0;
		};
/* End PBXSourcesBuildPhase section */

/* Begin PBXTargetDependency section */
		04C05BF72283356400FC3130 /* PBXTargetDependency */ = {
			isa = PBXTargetDependency;
			target = 04C05BE02283356300FC3130 /* game */;
			targetProxy = 04C05BF62283356400FC3130 /* PBXContainerItemProxy */;
		};
		04C05C022283356400FC3130 /* PBXTargetDependency */ = {
			isa = PBXTargetDependency;
			target = 04C05BE02283356300FC3130 /* game */;
			targetProxy = 04C05C012283356400FC3130 /* PBXContainerItemProxy */;
		};
/* End PBXTargetDependency section */

/* Begin PBXVariantGroup section */
		04C05BE82283356300FC3130 /* Main.storyboard */ = {
			isa = PBXVariantGroup;
			children = (
				04C05BE92283356300FC3130 /* Base */,
			);
			name = Main.storyboard;
			sourceTree = "<group>";
		};
		04C05BED2283356400FC3130 /* LaunchScreen.storyboard */ = {
			isa = PBXVariantGroup;
			children = (
				04C05BEE2283356400FC3130 /* Base */,
			);
			name = LaunchScreen.storyboard;
			sourceTree = "<group>";
		};
/* End PBXVariantGroup section */

/* Begin XCBuildConfiguration section */
		04C05C072283356400FC3130 /* Debug */ = {
			isa = XCBuildConfiguration;
			buildSettings = {
				ALWAYS_SEARCH_USER_PATHS = NO;
				CLANG_ANALYZER_NONNULL = YES;
				CLANG_ANALYZER_NUMBER_OBJECT_CONVERSION = YES_AGGRESSIVE;
				CLANG_CXX_LANGUAGE_STANDARD = "gnu++14";
				CLANG_CXX_LIBRARY = "libc++";
				CLANG_ENABLE_MODULES = YES;
				CLANG_ENABLE_OBJC_ARC = YES;
				CLANG_ENABLE_OBJC_WEAK = YES;
				CLANG_WARN_BLOCK_CAPTURE_AUTORELEASING = YES;
				CLANG_WARN_BOOL_CONVERSION = YES;
				CLANG_WARN_COMMA = YES;
				CLANG_WARN_CONSTANT_CONVERSION = YES;
				CLANG_WARN_DEPRECATED_OBJC_IMPLEMENTATIONS = YES;
				CLANG_WARN_DIRECT_OBJC_ISA_USAGE = YES_ERROR;
				CLANG_WARN_DOCUMENTATION_COMMENTS = YES;
				CLANG_WARN_EMPTY_BODY = YES;
				CLANG_WARN_ENUM_CONVERSION = YES;
				CLANG_WARN_INFINITE_RECURSION = YES;
				CLANG_WARN_INT_CONVERSION = YES;
				CLANG_WARN_NON_LITERAL_NULL_CONVERSION = YES;
				CLANG_WARN_OBJC_IMPLICIT_RETAIN_SELF = YES;
				CLANG_WARN_OBJC_LITERAL_CONVERSION = YES;
				CLANG_WARN_OBJC_ROOT_CLASS = YES_ERROR;
				CLANG_WARN_RANGE_LOOP_ANALYSIS = YES;
				CLANG_WARN_STRICT_PROTOTYPES = YES;
				CLANG_WARN_SUSPICIOUS_MOVE = YES;
				CLANG_WARN_UNGUARDED_AVAILABILITY = YES_AGGRESSIVE;
				CLANG_WARN_UNREACHABLE_CODE = YES;
				CLANG_WARN__DUPLICATE_METHOD_MATCH = YES;
				CODE_SIGN_IDENTITY = "iPhone Developer";
				COPY_PHASE_STRIP = NO;
				DEBUG_INFORMATION_FORMAT = dwarf;
				ENABLE_STRICT_OBJC_MSGSEND = YES;
				ENABLE_TESTABILITY = YES;
				GCC_C_LANGUAGE_STANDARD = gnu11;
				GCC_DYNAMIC_NO_PIC = NO;
				GCC_NO_COMMON_BLOCKS = YES;
				GCC_OPTIMIZATION_LEVEL = 0;
				GCC_PREPROCESSOR_DEFINITIONS = (
					"DEBUG=1",
					"$(inherited)",
				);
				GCC_WARN_64_TO_32_BIT_CONVERSION = YES;
				GCC_WARN_ABOUT_RETURN_TYPE = YES_ERROR;
				GCC_WARN_UNDECLARED_SELECTOR = YES;
				GCC_WARN_UNINITIALIZED_AUTOS = YES_AGGRESSIVE;
				GCC_WARN_UNUSED_FUNCTION = YES;
				GCC_WARN_UNUSED_VARIABLE = YES;
				IPHONEOS_DEPLOYMENT_TARGET = 12.2;
				MTL_ENABLE_DEBUG_INFO = INCLUDE_SOURCE;
				MTL_FAST_MATH = YES;
				ONLY_ACTIVE_ARCH = YES;
				SDKROOT = iphoneos;
				SWIFT_ACTIVE_COMPILATION_CONDITIONS = DEBUG;
				SWIFT_OPTIMIZATION_LEVEL = "-Onone";
			};
			name = Debug;
		};
		04C05C082283356400FC3130 /* Release */ = {
			isa = XCBuildConfiguration;
			buildSettings = {
				ALWAYS_SEARCH_USER_PATHS = NO;
				CLANG_ANALYZER_NONNULL = YES;
				CLANG_ANALYZER_NUMBER_OBJECT_CONVERSION = YES_AGGRESSIVE;
				CLANG_CXX_LANGUAGE_STANDARD = "gnu++14";
				CLANG_CXX_LIBRARY = "libc++";
				CLANG_ENABLE_MODULES = YES;
				CLANG_ENABLE_OBJC_ARC = YES;
				CLANG_ENABLE_OBJC_WEAK = YES;
				CLANG_WARN_BLOCK_CAPTURE_AUTORELEASING = YES;
				CLANG_WARN_BOOL_CONVERSION = YES;
				CLANG_WARN_COMMA = YES;
				CLANG_WARN_CONSTANT_CONVERSION = YES;
				CLANG_WARN_DEPRECATED_OBJC_IMPLEMENTATIONS = YES;
				CLANG_WARN_DIRECT_OBJC_ISA_USAGE = YES_ERROR;
				CLANG_WARN_DOCUMENTATION_COMMENTS = YES;
				CLANG_WARN_EMPTY_BODY = YES;
				CLANG_WARN_ENUM_CONVERSION = YES;
				CLANG_WARN_INFINITE_RECURSION = YES;
				CLANG_WARN_INT_CONVERSION = YES;
				CLANG_WARN_NON_LITERAL_NULL_CONVERSION = YES;
				CLANG_WARN_OBJC_IMPLICIT_RETAIN_SELF = YES;
				CLANG_WARN_OBJC_LITERAL_CONVERSION = YES;
				CLANG_WARN_OBJC_ROOT_CLASS = YES_ERROR;
				CLANG_WARN_RANGE_LOOP_ANALYSIS = YES;
				CLANG_WARN_STRICT_PROTOTYPES = YES;
				CLANG_WARN_SUSPICIOUS_MOVE = YES;
				CLANG_WARN_UNGUARDED_AVAILABILITY = YES_AGGRESSIVE;
				CLANG_WARN_UNREACHABLE_CODE = YES;
				CLANG_WARN__DUPLICATE_METHOD_MATCH = YES;
				CODE_SIGN_IDENTITY = "iPhone Developer";
				COPY_PHASE_STRIP = NO;
				DEBUG_INFORMATION_FORMAT = "dwarf-with-dsym";
				ENABLE_NS_ASSERTIONS = NO;
				ENABLE_STRICT_OBJC_MSGSEND = YES;
				GCC_C_LANGUAGE_STANDARD = gnu11;
				GCC_NO_COMMON_BLOCKS = YES;
				GCC_WARN_64_TO_32_BIT_CONVERSION = YES;
				GCC_WARN_ABOUT_RETURN_TYPE = YES_ERROR;
				GCC_WARN_UNDECLARED_SELECTOR = YES;
				GCC_WARN_UNINITIALIZED_AUTOS = YES_AGGRESSIVE;
				GCC_WARN_UNUSED_FUNCTION = YES;
				GCC_WARN_UNUSED_VARIABLE = YES;
				IPHONEOS_DEPLOYMENT_TARGET = 12.2;
				MTL_ENABLE_DEBUG_INFO = NO;
				MTL_FAST_MATH = YES;
				SDKROOT = iphoneos;
				SWIFT_COMPILATION_MODE = wholemodule;
				SWIFT_OPTIMIZATION_LEVEL = "-O";
				VALIDATE_PRODUCT = YES;
			};
			name = Release;
		};
		04C05C0A2283356400FC3130 /* Debug */ = {
			isa = XCBuildConfiguration;
			buildSettings = {
				ASSETCATALOG_COMPILER_APPICON_NAME = AppIcon;
				CODE_SIGN_STYLE = Automatic;
				INFOPLIST_FILE = game/Info.plist;
				LD_RUNPATH_SEARCH_PATHS = (
					"$(inherited)",
					"@executable_path/Frameworks",
				);
				PRODUCT_BUNDLE_IDENTIFIER = EA.game;
				PRODUCT_NAME = "$(TARGET_NAME)";
				SWIFT_VERSION = 5.0;
				TARGETED_DEVICE_FAMILY = "1,2";
			};
			name = Debug;
		};
		04C05C0B2283356400FC3130 /* Release */ = {
			isa = XCBuildConfiguration;
			buildSettings = {
				ASSETCATALOG_COMPILER_APPICON_NAME = AppIcon;
				CODE_SIGN_STYLE = Automatic;
				INFOPLIST_FILE = game/Info.plist;
				LD_RUNPATH_SEARCH_PATHS = (
					"$(inherited)",
					"@executable_path/Frameworks",
				);
				PRODUCT_BUNDLE_IDENTIFIER = EA.game;
				PRODUCT_NAME = "$(TARGET_NAME)";
				SWIFT_VERSION = 5.0;
				TARGETED_DEVICE_FAMILY = "1,2";
			};
			name = Release;
		};
		04C05C0D2283356400FC3130 /* Debug */ = {
			isa = XCBuildConfiguration;
			buildSettings = {
				ALWAYS_EMBED_SWIFT_STANDARD_LIBRARIES = YES;
				BUNDLE_LOADER = "$(TEST_HOST)";
				CODE_SIGN_STYLE = Automatic;
				INFOPLIST_FILE = gameTests/Info.plist;
				LD_RUNPATH_SEARCH_PATHS = (
					"$(inherited)",
					"@executable_path/Frameworks",
					"@loader_path/Frameworks",
				);
				PRODUCT_BUNDLE_IDENTIFIER = EA.gameTests;
				PRODUCT_NAME = "$(TARGET_NAME)";
				SWIFT_VERSION = 5.0;
				TARGETED_DEVICE_FAMILY = "1,2";
				TEST_HOST = "$(BUILT_PRODUCTS_DIR)/game.app/game";
			};
			name = Debug;
		};
		04C05C0E2283356400FC3130 /* Release */ = {
			isa = XCBuildConfiguration;
			buildSettings = {
				ALWAYS_EMBED_SWIFT_STANDARD_LIBRARIES = YES;
				BUNDLE_LOADER = "$(TEST_HOST)";
				CODE_SIGN_STYLE = Automatic;
				INFOPLIST_FILE = gameTests/Info.plist;
				LD_RUNPATH_SEARCH_PATHS = (
					"$(inherited)",
					"@executable_path/Frameworks",
					"@loader_path/Frameworks",
				);
				PRODUCT_BUNDLE_IDENTIFIER = EA.gameTests;
				PRODUCT_NAME = "$(TARGET_NAME)";
				SWIFT_VERSION = 5.0;
				TARGETED_DEVICE_FAMILY = "1,2";
				TEST_HOST = "$(BUILT_PRODUCTS_DIR)/game.app/game";
			};
			name = Release;
		};
		04C05C102283356400FC3130 /* Debug */ = {
			isa = XCBuildConfiguration;
			buildSettings = {
				ALWAYS_EMBED_SWIFT_STANDARD_LIBRARIES = YES;
				CODE_SIGN_STYLE = Automatic;
				INFOPLIST_FILE = gameUITests/Info.plist;
				LD_RUNPATH_SEARCH_PATHS = (
					"$(inherited)",
					"@executable_path/Frameworks",
					"@loader_path/Frameworks",
				);
				PRODUCT_BUNDLE_IDENTIFIER = EA.gameUITests;
				PRODUCT_NAME = "$(TARGET_NAME)";
				SWIFT_VERSION = 5.0;
				TARGETED_DEVICE_FAMILY = "1,2";
				TEST_TARGET_NAME = game;
			};
			name = Debug;
		};
		04C05C112283356400FC3130 /* Release */ = {
			isa = XCBuildConfiguration;
			buildSettings = {
				ALWAYS_EMBED_SWIFT_STANDARD_LIBRARIES = YES;
				CODE_SIGN_STYLE = Automatic;
				INFOPLIST_FILE = gameUITests/Info.plist;
				LD_RUNPATH_SEARCH_PATHS = (
					"$(inherited)",
					"@executable_path/Frameworks",
					"@loader_path/Frameworks",
				);
				PRODUCT_BUNDLE_IDENTIFIER = EA.gameUITests;
				PRODUCT_NAME = "$(TARGET_NAME)";
				SWIFT_VERSION = 5.0;
				TARGETED_DEVICE_FAMILY = "1,2";
				TEST_TARGET_NAME = game;
			};
			name = Release;
		};
/* End XCBuildConfiguration section */

/* Begin XCConfigurationList section */
		04C05BDC2283356300FC3130 /* Build configuration list for PBXProject "game" */ = {
			isa = XCConfigurationList;
			buildConfigurations = (
				04C05C072283356400FC3130 /* Debug */,
				04C05C082283356400FC3130 /* Release */,
			);
			defaultConfigurationIsVisible = 0;
			defaultConfigurationName = Release;
		};
		04C05C092283356400FC3130 /* Build configuration list for PBXNativeTarget "game" */ = {
			isa = XCConfigurationList;
			buildConfigurations = (
				04C05C0A2283356400FC3130 /* Debug */,
				04C05C0B2283356400FC3130 /* Release */,
			);
			defaultConfigurationIsVisible = 0;
			defaultConfigurationName = Release;
		};
		04C05C0C2283356400FC3130 /* Build configuration list for PBXNativeTarget "gameTests" */ = {
			isa = XCConfigurationList;
			buildConfigurations = (
				04C05C0D2283356400FC3130 /* Debug */,
				04C05C0E2283356400FC3130 /* Release */,
			);
			defaultConfigurationIsVisible = 0;
			defaultConfigurationName = Release;
		};
		04C05C0F2283356400FC3130 /* Build configuration list for PBXNativeTarget "gameUITests" */ = {
			isa = XCConfigurationList;
			buildConfigurations = (
				04C05C102283356400FC3130 /* Debug */,
				04C05C112283356400FC3130 /* Release */,
			);
			defaultConfigurationIsVisible = 0;
			defaultConfigurationName = Release;
		};
/* End XCConfigurationList section */
	};
	rootObject = 04C05BD92283356300FC3130 /* Project object */;
}
